
Microsoft Visual Studio Solution File, Format Version 12.00
# Visual Studio Version 17
VisualStudioVersion = 17.13.35931.197
MinimumVisualStudioVersion = 10.0.40219.1
Project("{FAE04EC0-301F-11D3-BF4B-00C04F79EFBC}") = "CloudflareDDNS-Updater", "CloudflareDDNS-Updater\CloudflareDDNS-Updater.csproj", "{71DC2F06-66BF-4140-9AAE-AE1A0DBEE4F0}"
EndProject
Project("{54435603-DBB4-11D2-8724-00A0C9A8B90C}") = "CloudflareDDNS-Updater-Setup", "CloudflareDDNS-Updater-Setup\CloudflareDDNS-Updater-Setup.vdproj", "{777C68B1-8DCD-F870-8DFB-763B358F80D4}"
EndProject
Global
	GlobalSection(SolutionConfigurationPlatforms) = preSolution
		Debug|Any CPU = Debug|Any CPU
		Release|Any CPU = Release|Any CPU
	EndGlobalSection
	GlobalSection(ProjectConfigurationPlatforms) = postSolution
		{71DC2F06-66BF-4140-9AAE-AE1A0DBEE4F0}.Debug|Any CPU.ActiveCfg = Debug|Any CPU
		{71DC2F06-66BF-4140-9AAE-AE1A0DBEE4F0}.Debug|Any CPU.Build.0 = Debug|Any CPU
		{71DC2F06-66BF-4140-9AAE-AE1A0DBEE4F0}.Release|Any CPU.ActiveCfg = Release|Any CPU
		{71DC2F06-66BF-4140-9AAE-AE1A0DBEE4F0}.Release|Any CPU.Build.0 = Release|Any CPU
		{777C68B1-8DCD-F870-8DFB-763B358F80D4}.Debug|Any CPU.ActiveCfg = Debug
		{777C68B1-8DCD-F870-8DFB-763B358F80D4}.Release|Any CPU.ActiveCfg = Release
	EndGlobalSection
	GlobalSection(SolutionProperties) = preSolution
		HideSolutionNode = FALSE
	EndGlobalSection
	GlobalSection(ExtensibilityGlobals) = postSolution
		SolutionGuid = {A08DBC17-22F4-461A-AC57-90CD7C312D5D}
	EndGlobalSection
EndGlobal
